PODS:
  - StaticFrameworkResources (0.1.0)

DEPENDENCIES:
  - StaticFrameworkResources (from `../`)

EXTERNAL SOURCES:
  StaticFrameworkResources:
    :path: ../

SPEC CHECKSUMS:
  StaticFrameworkResources: 35ca71c4c0bb3733690e24cfc62ff319244b0671

PODFILE CHECKSUM: a915e7b295d867853b1833f01e27237b2aa0e217

COCOAPODS: 1.4.0.beta.1
